
Microsoft Visual Studio Solution File, Format Version 12.00
# Visual Studio 2013
VisualStudioVersion = 12.0.30501.0
MinimumVisualStudioVersion = 10.0.40219.1
Project("{FAE04EC0-301F-11D3-BF4B-00C04F79EFBC}") = "BookLists", "BookLists\BookLists.csproj", "{C1B335D1-866F-4B4F-BE26-0067BDA080A2}"
EndProject
Project("{FAE04EC0-301F-11D3-BF4B-00C04F79EFBC}") = "Persistence", "Persistence\Persistence.csproj", "{89F6CDB1-1968-41E9-9404-3A634D4934E6}"
EndProject
Global
	GlobalSection(SolutionConfigurationPlatforms) = preSolution
		Debug|Any CPU = Debug|Any CPU
		Release|Any CPU = Release|Any CPU
	EndGlobalSection
	GlobalSection(ProjectConfigurationPlatforms) = postSolution
		{C1B335D1-866F-4B4F-BE26-0067BDA080A2}.Debug|Any CPU.ActiveCfg = Debug|Any CPU
		{C1B335D1-866F-4B4F-BE26-0067BDA080A2}.Debug|Any CPU.Build.0 = Debug|Any CPU
		{C1B335D1-866F-4B4F-BE26-0067BDA080A2}.Release|Any CPU.ActiveCfg = Release|Any CPU
		{C1B335D1-866F-4B4F-BE26-0067BDA080A2}.Release|Any CPU.Build.0 = Release|Any CPU
		{89F6CDB1-1968-41E9-9404-3A634D4934E6}.Debug|Any CPU.ActiveCfg = Debug|Any CPU
		{89F6CDB1-1968-41E9-9404-3A634D4934E6}.Debug|Any CPU.Build.0 = Debug|Any CPU
		{89F6CDB1-1968-41E9-9404-3A634D4934E6}.Release|Any CPU.ActiveCfg = Release|Any CPU
		{89F6CDB1-1968-41E9-9404-3A634D4934E6}.Release|Any CPU.Build.0 = Release|Any CPU
	EndGlobalSection
	GlobalSection(SolutionProperties) = preSolution
		HideSolutionNode = FALSE
	EndGlobalSection
EndGlobal
